{
  "object": {
    "pins": [
      {
        "package": "AnotherCombineCache",
        "repositoryURL": "https://github.com/rexcosta/AnotherCombineCache",
        "state": {
          "branch": "master",
          "revision": "25bb9d3f4dc04c8be1f078f047371365901efbb2",
          "version": null
        }
      },
      {
        "package": "AnotherPagination",
        "repositoryURL": "https://github.com/rexcosta/AnotherPagination",
        "state": {
          "branch": "master",
          "revision": "0c96e954ea4ce22678446f5ec4d96819b1a8d47f",
          "version": null
        }
      },
      {
        "package": "AnotherSwiftCommonLib",
        "repositoryURL": "https://github.com/rexcosta/AnotherSwiftCommonLib.git",
        "state": {
          "branch": "master",
          "revision": "95a150b90dd2e202e1f5da05efb7350ae075000f",
          "version": null
        }
      }
    ]
  },
  "version": 1
}
